
Microsoft Visual Studio Solution File, Format Version 12.00
# Visual Studio 15
VisualStudioVersion = 15.0.28307.136
MinimumVisualStudioVersion = 10.0.40219.1
Project("{9A19103F-16F7-4668-BE54-9A1E7A4F7556}") = "Apollo", "src\Apollo.csproj", "{5650BD09-A75A-4D4C-A464-A11AFA02714B}"
EndProject
Project("{2150E333-8FDC-42A3-9474-1A3956D46DE8}") = "src", "src", "{95238776-9E3A-4412-B63D-FBF14A7A32A4}"
EndProject
Project("{2150E333-8FDC-42A3-9474-1A3956D46DE8}") = "tests", "tests", "{0D8031BB-8D34-49AC-AAFF-44107E5C8E7B}"
EndProject
Project("{9A19103F-16F7-4668-BE54-9A1E7A4F7556}") = "Apollo.Tests.Unit", "tests\Apollo.Tests.Unit\Apollo.Tests.Unit.csproj", "{BAC87C78-8398-4838-B92B-F89AC3D41C34}"
EndProject
Global
	GlobalSection(SolutionConfigurationPlatforms) = preSolution
		Debug|Any CPU = Debug|Any CPU
		Release|Any CPU = Release|Any CPU
	EndGlobalSection
	GlobalSection(ProjectConfigurationPlatforms) = postSolution
		{5650BD09-A75A-4D4C-A464-A11AFA02714B}.Debug|Any CPU.ActiveCfg = Debug|Any CPU
		{5650BD09-A75A-4D4C-A464-A11AFA02714B}.Debug|Any CPU.Build.0 = Debug|Any CPU
		{5650BD09-A75A-4D4C-A464-A11AFA02714B}.Release|Any CPU.ActiveCfg = Release|Any CPU
		{5650BD09-A75A-4D4C-A464-A11AFA02714B}.Release|Any CPU.Build.0 = Release|Any CPU
		{BAC87C78-8398-4838-B92B-F89AC3D41C34}.Debug|Any CPU.ActiveCfg = Debug|Any CPU
		{BAC87C78-8398-4838-B92B-F89AC3D41C34}.Debug|Any CPU.Build.0 = Debug|Any CPU
		{BAC87C78-8398-4838-B92B-F89AC3D41C34}.Release|Any CPU.ActiveCfg = Release|Any CPU
		{BAC87C78-8398-4838-B92B-F89AC3D41C34}.Release|Any CPU.Build.0 = Release|Any CPU
	EndGlobalSection
	GlobalSection(SolutionProperties) = preSolution
		HideSolutionNode = FALSE
	EndGlobalSection
	GlobalSection(NestedProjects) = preSolution
		{5650BD09-A75A-4D4C-A464-A11AFA02714B} = {95238776-9E3A-4412-B63D-FBF14A7A32A4}
		{BAC87C78-8398-4838-B92B-F89AC3D41C34} = {0D8031BB-8D34-49AC-AAFF-44107E5C8E7B}
	EndGlobalSection
	GlobalSection(ExtensibilityGlobals) = postSolution
		SolutionGuid = {4CB479B5-1047-4306-954D-1062DBA1A121}
	EndGlobalSection
EndGlobal
